
Microsoft Visual Studio Solution File, Format Version 12.00
# Visual Studio 2012
Project("{FAE04EC0-301F-11D3-BF4B-00C04F79EFBC}") = "Ricardo.Stripe.Android", "Ricardo.Stripe.Android\Ricardo.Stripe.Android.csproj", "{FB56A849-A2E2-49CD-A9F6-E2186BF0864C}"
EndProject
Project("{FAE04EC0-301F-11D3-BF4B-00C04F79EFBC}") = "Ricardo.Stripe.Android.Sample", "Ricardo.Stripe.Android.Sample\Ricardo.Stripe.Android.Sample.csproj", "{10695857-B6F9-4AED-B110-A0936D586B15}"
EndProject
Global
	GlobalSection(SolutionConfigurationPlatforms) = preSolution
		Debug|Any CPU = Debug|Any CPU
		Release|Any CPU = Release|Any CPU
	EndGlobalSection
	GlobalSection(ProjectConfigurationPlatforms) = postSolution
		{FB56A849-A2E2-49CD-A9F6-E2186BF0864C}.Debug|Any CPU.ActiveCfg = Debug|Any CPU
		{FB56A849-A2E2-49CD-A9F6-E2186BF0864C}.Debug|Any CPU.Build.0 = Debug|Any CPU
		{FB56A849-A2E2-49CD-A9F6-E2186BF0864C}.Release|Any CPU.ActiveCfg = Release|Any CPU
		{FB56A849-A2E2-49CD-A9F6-E2186BF0864C}.Release|Any CPU.Build.0 = Release|Any CPU
		{10695857-B6F9-4AED-B110-A0936D586B15}.Debug|Any CPU.ActiveCfg = Debug|Any CPU
		{10695857-B6F9-4AED-B110-A0936D586B15}.Debug|Any CPU.Build.0 = Debug|Any CPU
		{10695857-B6F9-4AED-B110-A0936D586B15}.Release|Any CPU.ActiveCfg = Release|Any CPU
		{10695857-B6F9-4AED-B110-A0936D586B15}.Release|Any CPU.Build.0 = Release|Any CPU
	EndGlobalSection
EndGlobal
